
Microsoft Visual Studio Solution File, Format Version 12.00
# Visual Studio Version 17
VisualStudioVersion = 17.7.33711.374
MinimumVisualStudioVersion = 10.0.40219.1
Project("{2150E333-8FDC-42A3-9474-1A3956D46DE8}") = ".build", ".build", "{8077486A-F479-4B3A-9A40-A93A54471703}"
	ProjectSection(SolutionItems) = preProject
		.editorconfig = .editorconfig
		.gitignore = .gitignore
		Directory.Build.props = Directory.Build.props
		Directory.build.targets = Directory.build.targets
		global.json = global.json
	EndProjectSection
EndProject
Project("{9A19103F-16F7-4668-BE54-9A1E7A4F7556}") = "DesktopApp", "src-dotnet\DesktopApp\DesktopApp.csproj", "{805C0E93-19FC-482D-BEDF-A6C92ABD990D}"
EndProject
Global
	GlobalSection(SolutionConfigurationPlatforms) = preSolution
		Debug|Any CPU = Debug|Any CPU
		Release|Any CPU = Release|Any CPU
	EndGlobalSection
	GlobalSection(ProjectConfigurationPlatforms) = postSolution
		{805C0E93-19FC-482D-BEDF-A6C92ABD990D}.Debug|Any CPU.ActiveCfg = Debug|Any CPU
		{805C0E93-19FC-482D-BEDF-A6C92ABD990D}.Debug|Any CPU.Build.0 = Debug|Any CPU
		{805C0E93-19FC-482D-BEDF-A6C92ABD990D}.Release|Any CPU.ActiveCfg = Release|Any CPU
		{805C0E93-19FC-482D-BEDF-A6C92ABD990D}.Release|Any CPU.Build.0 = Release|Any CPU
	EndGlobalSection
	GlobalSection(SolutionProperties) = preSolution
		HideSolutionNode = FALSE
	EndGlobalSection
	GlobalSection(ExtensibilityGlobals) = postSolution
		SolutionGuid = {303C79D6-AF32-4C62-9B83-59AD9FD4CBAA}
	EndGlobalSection
EndGlobal
